
Microsoft Visual Studio Solution File, Format Version 12.00
# Visual Studio Version 17
VisualStudioVersion = 17.13.35818.85 d17.13
MinimumVisualStudioVersion = 10.0.40219.1
Project("{FAE04EC0-301F-11D3-BF4B-00C04F79EFBC}") = "WindowsFormsApp3", "WindowsFormsApp3.csproj", "{E46862AD-196A-44EB-B034-58431E00433B}"
EndProject
Global
	GlobalSection(SolutionConfigurationPlatforms) = preSolution
		Debug|Any CPU = Debug|Any CPU
		Release|Any CPU = Release|Any CPU
	EndGlobalSection
	GlobalSection(ProjectConfigurationPlatforms) = postSolution
		{E46862AD-196A-44EB-B034-58431E00433B}.Debug|Any CPU.ActiveCfg = Debug|Any CPU
		{E46862AD-196A-44EB-B034-58431E00433B}.Debug|Any CPU.Build.0 = Debug|Any CPU
		{E46862AD-196A-44EB-B034-58431E00433B}.Release|Any CPU.ActiveCfg = Release|Any CPU
		{E46862AD-196A-44EB-B034-58431E00433B}.Release|Any CPU.Build.0 = Release|Any CPU
	EndGlobalSection
	GlobalSection(SolutionProperties) = preSolution
		HideSolutionNode = FALSE
	EndGlobalSection
	GlobalSection(ExtensibilityGlobals) = postSolution
		SolutionGuid = {F4DC97FB-B67F-4773-990A-D8C9C6BF698B}
	EndGlobalSection
EndGlobal
